
Microsoft Visual Studio Solution File, Format Version 12.00
# Visual Studio Version 17
VisualStudioVersion = 17.1.32414.318
MinimumVisualStudioVersion = 10.0.40219.1
Project("{9A19103F-16F7-4668-BE54-9A1E7A4F7556}") = "ConsoleGenes", "ConsoleGenes.csproj", "{89F19936-AB75-41E7-A65B-2620CEF1CEDD}"
EndProject
Global
	GlobalSection(SolutionConfigurationPlatforms) = preSolution
		Debug|Any CPU = Debug|Any CPU
		Release|Any CPU = Release|Any CPU
	EndGlobalSection
	GlobalSection(ProjectConfigurationPlatforms) = postSolution
		{89F19936-AB75-41E7-A65B-2620CEF1CEDD}.Debug|Any CPU.ActiveCfg = Debug|Any CPU
		{89F19936-AB75-41E7-A65B-2620CEF1CEDD}.Debug|Any CPU.Build.0 = Debug|Any CPU
		{89F19936-AB75-41E7-A65B-2620CEF1CEDD}.Release|Any CPU.ActiveCfg = Release|Any CPU
		{89F19936-AB75-41E7-A65B-2620CEF1CEDD}.Release|Any CPU.Build.0 = Release|Any CPU
	EndGlobalSection
	GlobalSection(SolutionProperties) = preSolution
		HideSolutionNode = FALSE
	EndGlobalSection
	GlobalSection(ExtensibilityGlobals) = postSolution
		SolutionGuid = {B51AB966-C097-4EE4-9356-59BD9D0788C4}
	EndGlobalSection
EndGlobal
